
Microsoft Visual Studio Solution File, Format Version 12.00
# Visual Studio Version 16
VisualStudioVersion = 16.0.30114.105
MinimumVisualStudioVersion = 10.0.40219.1
Project("{2150E333-8FDC-42A3-9474-1A3956D46DE8}") = "src", "src", "{0EE5251C-54E8-46FF-A0BA-BDA81A839B94}"
EndProject
Project("{FAE04EC0-301F-11D3-BF4B-00C04F79EFBC}") = "Alyio.Extensions", "src\Alyio.Extensions\Alyio.Extensions.csproj", "{946A28B8-5D84-4B4E-BF64-D393E2235999}"
EndProject
Project("{2150E333-8FDC-42A3-9474-1A3956D46DE8}") = "test", "test", "{331D6337-1FED-47AA-9C8A-ED1D3F276E40}"
EndProject
Project("{FAE04EC0-301F-11D3-BF4B-00C04F79EFBC}") = "Alyio.Extensions.Tests", "test\Alyio.Extensions.Tests\Alyio.Extensions.Tests.csproj", "{7DAA7DB2-C08A-40F5-AE31-7979C79A0138}"
EndProject
Global
	GlobalSection(SolutionConfigurationPlatforms) = preSolution
		Debug|Any CPU = Debug|Any CPU
		Release|Any CPU = Release|Any CPU
	EndGlobalSection
	GlobalSection(SolutionProperties) = preSolution
		HideSolutionNode = FALSE
	EndGlobalSection
	GlobalSection(ProjectConfigurationPlatforms) = postSolution
		{946A28B8-5D84-4B4E-BF64-D393E2235999}.Debug|Any CPU.ActiveCfg = Debug|Any CPU
		{946A28B8-5D84-4B4E-BF64-D393E2235999}.Debug|Any CPU.Build.0 = Debug|Any CPU
		{946A28B8-5D84-4B4E-BF64-D393E2235999}.Release|Any CPU.ActiveCfg = Release|Any CPU
		{946A28B8-5D84-4B4E-BF64-D393E2235999}.Release|Any CPU.Build.0 = Release|Any CPU
		{7DAA7DB2-C08A-40F5-AE31-7979C79A0138}.Debug|Any CPU.ActiveCfg = Debug|Any CPU
		{7DAA7DB2-C08A-40F5-AE31-7979C79A0138}.Debug|Any CPU.Build.0 = Debug|Any CPU
		{7DAA7DB2-C08A-40F5-AE31-7979C79A0138}.Release|Any CPU.ActiveCfg = Release|Any CPU
		{7DAA7DB2-C08A-40F5-AE31-7979C79A0138}.Release|Any CPU.Build.0 = Release|Any CPU
	EndGlobalSection
	GlobalSection(NestedProjects) = preSolution
		{946A28B8-5D84-4B4E-BF64-D393E2235999} = {0EE5251C-54E8-46FF-A0BA-BDA81A839B94}
		{7DAA7DB2-C08A-40F5-AE31-7979C79A0138} = {331D6337-1FED-47AA-9C8A-ED1D3F276E40}
	EndGlobalSection
EndGlobal
